
Microsoft Visual Studio Solution File, Format Version 12.00
# Visual Studio Version 17
VisualStudioVersion = 17.9.34902.65
MinimumVisualStudioVersion = 10.0.40219.1
Project("{9A19103F-16F7-4668-BE54-9A1E7A4F7556}") = "YSLDotNetCore.ConsoleApp", "YSLDotNetCore.ConsoleApp\YSLDotNetCore.ConsoleApp.csproj", "{34A784BE-04DA-4D93-9250-08DAC3A24EE0}"
EndProject
Project("{2150E333-8FDC-42A3-9474-1A3956D46DE8}") = "Documents", "Documents", "{BC2DFE51-533A-4F56-83DD-D6C109CF0A2D}"
	ProjectSection(SolutionItems) = preProject
		README.md = README.md
	EndProjectSection
EndProject
Project("{9A19103F-16F7-4668-BE54-9A1E7A4F7556}") = "YSLDotNetCore.RestApi", "YSLDotNetCore.RestApi\YSLDotNetCore.RestApi.csproj", "{5A600D35-AF12-428C-928E-CD7B6F4858F9}"
EndProject
Project("{9A19103F-16F7-4668-BE54-9A1E7A4F7556}") = "YSLDotNetCore.Shared", "YSLDotNetCore.Shared\YSLDotNetCore.Shared.csproj", "{01DBD481-BDA8-48AE-A4E2-33AD024F1606}"
EndProject
Project("{9A19103F-16F7-4668-BE54-9A1E7A4F7556}") = "YSLDotNetCore.RestApiWithNLayer", "YSLDotNetCore.RestApiWithNLayer\YSLDotNetCore.RestApiWithNLayer.csproj", "{98D2BAB7-7D49-44DC-A5D4-15BDCF2180D0}"
EndProject
Project("{9A19103F-16F7-4668-BE54-9A1E7A4F7556}") = "YSLDotNetCore.ConsoleAppHttpClient", "YSLDotNetCore.ConsoleAppHttpClient\YSLDotNetCore.ConsoleAppHttpClient.csproj", "{0DBE15EE-3482-4CD8-AFF9-679337C12936}"
EndProject
Project("{9A19103F-16F7-4668-BE54-9A1E7A4F7556}") = "YSLDotNetCore.ConsoleAppHttpClientExamples", "YSLDotNetCore.ConsoleAppHttpClientExamples\YSLDotNetCore.ConsoleAppHttpClientExamples.csproj", "{B2826DE2-00C9-4134-9E22-EA4847B35B38}"
EndProject
Project("{9A19103F-16F7-4668-BE54-9A1E7A4F7556}") = "YSLDotNetCore.ConsoleAppRestClientExamples", "YSLDotNetCore.ConsoleAppRestClientExamples\YSLDotNetCore.ConsoleAppRestClientExamples.csproj", "{9F7990CC-840A-4C8D-8E3E-8EC96CD945D0}"
EndProject
Project("{FAE04EC0-301F-11D3-BF4B-00C04F79EFBC}") = "YSLDotNetCore.PizzaAPI", "YSLDotNetCore.PizzaAPI\YSLDotNetCore.PizzaAPI.csproj", "{603D0F2A-38CB-4BEE-9003-97E0CB7416B7}"
EndProject
Global
	GlobalSection(SolutionConfigurationPlatforms) = preSolution
		Debug|Any CPU = Debug|Any CPU
		Release|Any CPU = Release|Any CPU
	EndGlobalSection
	GlobalSection(ProjectConfigurationPlatforms) = postSolution
		{34A784BE-04DA-4D93-9250-08DAC3A24EE0}.Debug|Any CPU.ActiveCfg = Debug|Any CPU
		{34A784BE-04DA-4D93-9250-08DAC3A24EE0}.Debug|Any CPU.Build.0 = Debug|Any CPU
		{34A784BE-04DA-4D93-9250-08DAC3A24EE0}.Release|Any CPU.ActiveCfg = Release|Any CPU
		{34A784BE-04DA-4D93-9250-08DAC3A24EE0}.Release|Any CPU.Build.0 = Release|Any CPU
		{5A600D35-AF12-428C-928E-CD7B6F4858F9}.Debug|Any CPU.ActiveCfg = Debug|Any CPU
		{5A600D35-AF12-428C-928E-CD7B6F4858F9}.Debug|Any CPU.Build.0 = Debug|Any CPU
		{5A600D35-AF12-428C-928E-CD7B6F4858F9}.Release|Any CPU.ActiveCfg = Release|Any CPU
		{5A600D35-AF12-428C-928E-CD7B6F4858F9}.Release|Any CPU.Build.0 = Release|Any CPU
		{01DBD481-BDA8-48AE-A4E2-33AD024F1606}.Debug|Any CPU.ActiveCfg = Debug|Any CPU
		{01DBD481-BDA8-48AE-A4E2-33AD024F1606}.Debug|Any CPU.Build.0 = Debug|Any CPU
		{01DBD481-BDA8-48AE-A4E2-33AD024F1606}.Release|Any CPU.ActiveCfg = Release|Any CPU
		{01DBD481-BDA8-48AE-A4E2-33AD024F1606}.Release|Any CPU.Build.0 = Release|Any CPU
		{98D2BAB7-7D49-44DC-A5D4-15BDCF2180D0}.Debug|Any CPU.ActiveCfg = Debug|Any CPU
		{98D2BAB7-7D49-44DC-A5D4-15BDCF2180D0}.Debug|Any CPU.Build.0 = Debug|Any CPU
		{98D2BAB7-7D49-44DC-A5D4-15BDCF2180D0}.Release|Any CPU.ActiveCfg = Release|Any CPU
		{98D2BAB7-7D49-44DC-A5D4-15BDCF2180D0}.Release|Any CPU.Build.0 = Release|Any CPU
		{0DBE15EE-3482-4CD8-AFF9-679337C12936}.Debug|Any CPU.ActiveCfg = Debug|Any CPU
		{0DBE15EE-3482-4CD8-AFF9-679337C12936}.Debug|Any CPU.Build.0 = Debug|Any CPU
		{0DBE15EE-3482-4CD8-AFF9-679337C12936}.Release|Any CPU.ActiveCfg = Release|Any CPU
		{0DBE15EE-3482-4CD8-AFF9-679337C12936}.Release|Any CPU.Build.0 = Release|Any CPU
		{B2826DE2-00C9-4134-9E22-EA4847B35B38}.Debug|Any CPU.ActiveCfg = Debug|Any CPU
		{B2826DE2-00C9-4134-9E22-EA4847B35B38}.Debug|Any CPU.Build.0 = Debug|Any CPU
		{B2826DE2-00C9-4134-9E22-EA4847B35B38}.Release|Any CPU.ActiveCfg = Release|Any CPU
		{B2826DE2-00C9-4134-9E22-EA4847B35B38}.Release|Any CPU.Build.0 = Release|Any CPU
		{9F7990CC-840A-4C8D-8E3E-8EC96CD945D0}.Debug|Any CPU.ActiveCfg = Debug|Any CPU
		{9F7990CC-840A-4C8D-8E3E-8EC96CD945D0}.Debug|Any CPU.Build.0 = Debug|Any CPU
		{9F7990CC-840A-4C8D-8E3E-8EC96CD945D0}.Release|Any CPU.ActiveCfg = Release|Any CPU
		{9F7990CC-840A-4C8D-8E3E-8EC96CD945D0}.Release|Any CPU.Build.0 = Release|Any CPU
		{603D0F2A-38CB-4BEE-9003-97E0CB7416B7}.Debug|Any CPU.ActiveCfg = Debug|Any CPU
		{603D0F2A-38CB-4BEE-9003-97E0CB7416B7}.Debug|Any CPU.Build.0 = Debug|Any CPU
		{603D0F2A-38CB-4BEE-9003-97E0CB7416B7}.Release|Any CPU.ActiveCfg = Release|Any CPU
		{603D0F2A-38CB-4BEE-9003-97E0CB7416B7}.Release|Any CPU.Build.0 = Release|Any CPU
	EndGlobalSection
	GlobalSection(SolutionProperties) = preSolution
		HideSolutionNode = FALSE
	EndGlobalSection
	GlobalSection(ExtensibilityGlobals) = postSolution
		SolutionGuid = {54CBF64F-057E-485B-92B5-61DCD4324356}
	EndGlobalSection
EndGlobal
